
Microsoft Visual Studio Solution File, Format Version 12.00
# Visual Studio Version 17
VisualStudioVersion = 17.3.32901.215
MinimumVisualStudioVersion = 10.0.40219.1
Project("{FAE04EC0-301F-11D3-BF4B-00C04F79EFBC}") = "Fibonacci und Primzahlen bis 20", "Fibonacci und Primzahlen bis 20.csproj", "{EB17D55A-8BFF-4D66-9D02-44A5A21F39E3}"
EndProject
Global
	GlobalSection(SolutionConfigurationPlatforms) = preSolution
		Debug|Any CPU = Debug|Any CPU
		Release|Any CPU = Release|Any CPU
	EndGlobalSection
	GlobalSection(ProjectConfigurationPlatforms) = postSolution
		{EB17D55A-8BFF-4D66-9D02-44A5A21F39E3}.Debug|Any CPU.ActiveCfg = Debug|Any CPU
		{EB17D55A-8BFF-4D66-9D02-44A5A21F39E3}.Debug|Any CPU.Build.0 = Debug|Any CPU
		{EB17D55A-8BFF-4D66-9D02-44A5A21F39E3}.Release|Any CPU.ActiveCfg = Release|Any CPU
		{EB17D55A-8BFF-4D66-9D02-44A5A21F39E3}.Release|Any CPU.Build.0 = Release|Any CPU
	EndGlobalSection
	GlobalSection(SolutionProperties) = preSolution
		HideSolutionNode = FALSE
	EndGlobalSection
	GlobalSection(ExtensibilityGlobals) = postSolution
		SolutionGuid = {8CBCD891-D6AD-45BD-86CB-B2251F7CDB0C}
	EndGlobalSection
EndGlobal
