
Microsoft Visual Studio Solution File, Format Version 12.00
# Visual Studio Version 17
VisualStudioVersion = 17.3.32901.215
MinimumVisualStudioVersion = 10.0.40219.1
Project("{FAE04EC0-301F-11D3-BF4B-00C04F79EFBC}") = "Funktionen", "Funktionen.csproj", "{C62C012C-A445-4DD4-98EF-35BEFDCA6F2F}"
EndProject
Global
	GlobalSection(SolutionConfigurationPlatforms) = preSolution
		Debug|Any CPU = Debug|Any CPU
		Release|Any CPU = Release|Any CPU
	EndGlobalSection
	GlobalSection(ProjectConfigurationPlatforms) = postSolution
		{C62C012C-A445-4DD4-98EF-35BEFDCA6F2F}.Debug|Any CPU.ActiveCfg = Debug|Any CPU
		{C62C012C-A445-4DD4-98EF-35BEFDCA6F2F}.Debug|Any CPU.Build.0 = Debug|Any CPU
		{C62C012C-A445-4DD4-98EF-35BEFDCA6F2F}.Release|Any CPU.ActiveCfg = Release|Any CPU
		{C62C012C-A445-4DD4-98EF-35BEFDCA6F2F}.Release|Any CPU.Build.0 = Release|Any CPU
	EndGlobalSection
	GlobalSection(SolutionProperties) = preSolution
		HideSolutionNode = FALSE
	EndGlobalSection
	GlobalSection(ExtensibilityGlobals) = postSolution
		SolutionGuid = {9F94C83E-AE61-47C4-A564-5C26B0D6BBFA}
	EndGlobalSection
EndGlobal
