
Microsoft Visual Studio Solution File, Format Version 12.00
# Visual Studio Version 17
VisualStudioVersion = 17.3.32901.215
MinimumVisualStudioVersion = 10.0.40219.1
Project("{FAE04EC0-301F-11D3-BF4B-00C04F79EFBC}") = "Serie B", "Serie B.csproj", "{90040C7C-8C37-4979-A4CB-B176ECD35D07}"
EndProject
Global
	GlobalSection(SolutionConfigurationPlatforms) = preSolution
		Debug|Any CPU = Debug|Any CPU
		Release|Any CPU = Release|Any CPU
	EndGlobalSection
	GlobalSection(ProjectConfigurationPlatforms) = postSolution
		{90040C7C-8C37-4979-A4CB-B176ECD35D07}.Debug|Any CPU.ActiveCfg = Debug|Any CPU
		{90040C7C-8C37-4979-A4CB-B176ECD35D07}.Debug|Any CPU.Build.0 = Debug|Any CPU
		{90040C7C-8C37-4979-A4CB-B176ECD35D07}.Release|Any CPU.ActiveCfg = Release|Any CPU
		{90040C7C-8C37-4979-A4CB-B176ECD35D07}.Release|Any CPU.Build.0 = Release|Any CPU
	EndGlobalSection
	GlobalSection(SolutionProperties) = preSolution
		HideSolutionNode = FALSE
	EndGlobalSection
	GlobalSection(ExtensibilityGlobals) = postSolution
		SolutionGuid = {73CDA9CD-4505-458D-B0C7-B6C5870D1F5C}
	EndGlobalSection
EndGlobal
