
Microsoft Visual Studio Solution File, Format Version 12.00
# Visual Studio Version 17
VisualStudioVersion = 17.3.32901.215
MinimumVisualStudioVersion = 10.0.40219.1
Project("{FAE04EC0-301F-11D3-BF4B-00C04F79EFBC}") = "ConsoleApp1", "ConsoleApp1.csproj", "{88CC18DB-917F-4E1A-8934-2F4E4E797AAA}"
EndProject
Global
	GlobalSection(SolutionConfigurationPlatforms) = preSolution
		Debug|Any CPU = Debug|Any CPU
		Release|Any CPU = Release|Any CPU
	EndGlobalSection
	GlobalSection(ProjectConfigurationPlatforms) = postSolution
		{88CC18DB-917F-4E1A-8934-2F4E4E797AAA}.Debug|Any CPU.ActiveCfg = Debug|Any CPU
		{88CC18DB-917F-4E1A-8934-2F4E4E797AAA}.Debug|Any CPU.Build.0 = Debug|Any CPU
		{88CC18DB-917F-4E1A-8934-2F4E4E797AAA}.Release|Any CPU.ActiveCfg = Release|Any CPU
		{88CC18DB-917F-4E1A-8934-2F4E4E797AAA}.Release|Any CPU.Build.0 = Release|Any CPU
	EndGlobalSection
	GlobalSection(SolutionProperties) = preSolution
		HideSolutionNode = FALSE
	EndGlobalSection
	GlobalSection(ExtensibilityGlobals) = postSolution
		SolutionGuid = {C734785E-9CD6-4618-B640-133F380B7312}
	EndGlobalSection
EndGlobal
